
Microsoft Visual Studio Solution File, Format Version 12.00
# Visual Studio Version 16
VisualStudioVersion = 16.0.29319.158
MinimumVisualStudioVersion = 10.0.40219.1
Project("{FAE04EC0-301F-11D3-BF4B-00C04F79EFBC}") = "FacadeDPatterns", "FacadeDPatterns\FacadeDPatterns.csproj", "{55714CF4-DE49-4D68-A431-FA37F924CA64}"
EndProject
Global
	GlobalSection(SolutionConfigurationPlatforms) = preSolution
		Debug|Any CPU = Debug|Any CPU
		Release|Any CPU = Release|Any CPU
	EndGlobalSection
	GlobalSection(ProjectConfigurationPlatforms) = postSolution
		{55714CF4-DE49-4D68-A431-FA37F924CA64}.Debug|Any CPU.ActiveCfg = Debug|Any CPU
		{55714CF4-DE49-4D68-A431-FA37F924CA64}.Debug|Any CPU.Build.0 = Debug|Any CPU
		{55714CF4-DE49-4D68-A431-FA37F924CA64}.Release|Any CPU.ActiveCfg = Release|Any CPU
		{55714CF4-DE49-4D68-A431-FA37F924CA64}.Release|Any CPU.Build.0 = Release|Any CPU
	EndGlobalSection
	GlobalSection(SolutionProperties) = preSolution
		HideSolutionNode = FALSE
	EndGlobalSection
	GlobalSection(ExtensibilityGlobals) = postSolution
		SolutionGuid = {0BC8BE79-C6BC-4908-9D79-522FAC6B8577}
	EndGlobalSection
EndGlobal
